{
  "name": "salary-data",
  "version": "1.0.0",
  "lockfileVersion": 3,
  "requires": true,
  "packages": {
    "": {
      "name": "salary-data",
      "version": "1.0.0",
      "license": "ISC",
      "dependencies": {
        "csv-string": "^4.1.1",
        "n-readlines": "^1.0.1"
      },
      "devDependencies": {
        "prettier": "^3.0.0"
      }
    },
    "node_modules/csv-string": {
      "version": "4.1.1",
      "resolved": "https://registry.npmjs.org/csv-string/-/csv-string-4.1.1.tgz",
      "integrity": "sha512-KGvaJEZEdh2O/EVvczwbPLqJZtSQaWQ4cEJbiOJEG4ALq+dBBqNmBkRXTF4NV79V25+XYtiqbco1IWrmHLm5FQ==",
      "engines": {
        "node": ">=12.0"
      }
    },
    "node_modules/n-readlines": {
      "version": "1.0.1",
      "resolved": "https://registry.npmjs.org/n-readlines/-/n-readlines-1.0.1.tgz",
      "integrity": "sha512-z4SyAIVgMy7CkgsoNw7YVz40v0g4+WWvvqy8+ZdHrCtgevcEO758WQyrYcw3XPxcLxF+//RszTz/rO48nzD0wQ==",
      "engines": {
        "node": ">=6.x.x"
      }
    },
    "node_modules/prettier": {
      "version": "3.0.0",
      "resolved": "https://registry.npmjs.org/prettier/-/prettier-3.0.0.tgz",
      "integrity": "sha512-zBf5eHpwHOGPC47h0zrPyNn+eAEIdEzfywMoYn2XPi0P44Zp0tSq64rq0xAREh4auw2cJZHo9QUob+NqCQky4g==",
      "dev": true,
      "bin": {
        "prettier": "bin/prettier.cjs"
      },
      "engines": {
        "node": ">=14"
      },
      "funding": {
        "url": "https://github.com/prettier/prettier?sponsor=1"
      }
    }
  }
}
